
Microsoft Visual Studio Solution File, Format Version 12.00
# Visual Studio Version 17
VisualStudioVersion = 17.4.33205.214
MinimumVisualStudioVersion = 10.0.40219.1
Project("{FAE04EC0-301F-11D3-BF4B-00C04F79EFBC}") = "TestAPP.Android", "TestAPP.Android\TestAPP.Android.csproj", "{FCEADC50-7C25-462B-B181-C302091BDDEF}"
EndProject
Project("{FAE04EC0-301F-11D3-BF4B-00C04F79EFBC}") = "TestAPP", "TestAPP\TestAPP.csproj", "{68085BD9-6E2B-4AB1-B3D0-1FDD42C6F6C2}"
EndProject
Global
	GlobalSection(SolutionConfigurationPlatforms) = preSolution
		Debug|Any CPU = Debug|Any CPU
		Release|Any CPU = Release|Any CPU
	EndGlobalSection
	GlobalSection(ProjectConfigurationPlatforms) = postSolution
		{FCEADC50-7C25-462B-B181-C302091BDDEF}.Debug|Any CPU.ActiveCfg = Debug|Any CPU
		{FCEADC50-7C25-462B-B181-C302091BDDEF}.Debug|Any CPU.Build.0 = Debug|Any CPU
		{FCEADC50-7C25-462B-B181-C302091BDDEF}.Debug|Any CPU.Deploy.0 = Debug|Any CPU
		{FCEADC50-7C25-462B-B181-C302091BDDEF}.Release|Any CPU.ActiveCfg = Release|Any CPU
		{FCEADC50-7C25-462B-B181-C302091BDDEF}.Release|Any CPU.Build.0 = Release|Any CPU
		{FCEADC50-7C25-462B-B181-C302091BDDEF}.Release|Any CPU.Deploy.0 = Release|Any CPU
		{68085BD9-6E2B-4AB1-B3D0-1FDD42C6F6C2}.Debug|Any CPU.ActiveCfg = Debug|Any CPU
		{68085BD9-6E2B-4AB1-B3D0-1FDD42C6F6C2}.Debug|Any CPU.Build.0 = Debug|Any CPU
		{68085BD9-6E2B-4AB1-B3D0-1FDD42C6F6C2}.Debug|Any CPU.Deploy.0 = Debug|Any CPU
		{68085BD9-6E2B-4AB1-B3D0-1FDD42C6F6C2}.Release|Any CPU.ActiveCfg = Release|Any CPU
		{68085BD9-6E2B-4AB1-B3D0-1FDD42C6F6C2}.Release|Any CPU.Build.0 = Release|Any CPU
		{68085BD9-6E2B-4AB1-B3D0-1FDD42C6F6C2}.Release|Any CPU.Deploy.0 = Release|Any CPU
	EndGlobalSection
	GlobalSection(SolutionProperties) = preSolution
		HideSolutionNode = FALSE
	EndGlobalSection
	GlobalSection(ExtensibilityGlobals) = postSolution
		SolutionGuid = {A62D071A-C16F-4796-A632-FF69ACB3C925}
	EndGlobalSection
EndGlobal
